// !$*UTF8*$!
{
	archiveVersion = 1;
	classes = {
	};
	objectVersion = 55;
	objects = {

/* Begin PBXBuildFile section */
		94A65AA42B3B02A10001DBC5 /* WeatherViewModel.swift in Sources */ = {isa = PBXBuildFile; fileRef = 94A65AA32B3B02A00001DBC5 /* WeatherViewModel.swift */; };
		94A65AA62B3B02E30001DBC5 /* NetworkService.swift in Sources */ = {isa = PBXBuildFile; fileRef = 94A65AA52B3B02E30001DBC5 /* NetworkService.swift */; };
		94A65AA82B3BE4260001DBC5 /* LocationService.swift in Sources */ = {isa = PBXBuildFile; fileRef = 94A65AA72B3BE4250001DBC5 /* LocationService.swift */; };
		94A65AAA2B3C56D30001DBC5 /* Constants.swift in Sources */ = {isa = PBXBuildFile; fileRef = 94A65AA92B3C56D20001DBC5 /* Constants.swift */; };
		94A65AAD2B3C9A720001DBC5 /* WeatherDaylyCell.swift in Sources */ = {isa = PBXBuildFile; fileRef = 94A65AAC2B3C9A710001DBC5 /* WeatherDaylyCell.swift */; };
		94A65AAF2B3D4B710001DBC5 /* CurrentWeatherCell.swift in Sources */ = {isa = PBXBuildFile; fileRef = 94A65AAE2B3D4B700001DBC5 /* CurrentWeatherCell.swift */; };
		94BAF8192B3DF00100B49566 /* SearchCityViewController.swift in Sources */ = {isa = PBXBuildFile; fileRef = 94BAF8182B3DF00100B49566 /* SearchCityViewController.swift */; };
		94BAF81B2B3E939500B49566 /* SearchCityViewModel.swift in Sources */ = {isa = PBXBuildFile; fileRef = 94BAF81A2B3E939500B49566 /* SearchCityViewModel.swift */; };
		94BAF81D2B3E982800B49566 /* CoordinatesData.swift in Sources */ = {isa = PBXBuildFile; fileRef = 94BAF81C2B3E982800B49566 /* CoordinatesData.swift */; };
		94DDFFBB2B3AFC7700D1707C /* AppDelegate.swift in Sources */ = {isa = PBXBuildFile; fileRef = 94DDFFBA2B3AFC7700D1707C /* AppDelegate.swift */; };
		94DDFFBD2B3AFC7700D1707C /* SceneDelegate.swift in Sources */ = {isa = PBXBuildFile; fileRef = 94DDFFBC2B3AFC7700D1707C /* SceneDelegate.swift */; };
		94DDFFBF2B3AFC7700D1707C /* ViewController.swift in Sources */ = {isa = PBXBuildFile; fileRef = 94DDFFBE2B3AFC7700D1707C /* ViewController.swift */; };
		94DDFFC22B3AFC7700D1707C /* Main.storyboard in Resources */ = {isa = PBXBuildFile; fileRef = 94DDFFC02B3AFC7700D1707C /* Main.storyboard */; };
		94DDFFC42B3AFC7E00D1707C /* Assets.xcassets in Resources */ = {isa = PBXBuildFile; fileRef = 94DDFFC32B3AFC7E00D1707C /* Assets.xcassets */; };
		94DDFFC72B3AFC7E00D1707C /* LaunchScreen.storyboard in Resources */ = {isa = PBXBuildFile; fileRef = 94DDFFC52B3AFC7E00D1707C /* LaunchScreen.storyboard */; };
		94DDFFCF2B3AFF6100D1707C /* WeatherViewController.swift in Sources */ = {isa = PBXBuildFile; fileRef = 94DDFFCE2B3AFF6100D1707C /* WeatherViewController.swift */; };
		94DDFFD12B3AFFA600D1707C /* WeatherData.swift in Sources */ = {isa = PBXBuildFile; fileRef = 94DDFFD02B3AFFA600D1707C /* WeatherData.swift */; };
		D0836576A9E98BCFCCB2DFFF /* Pods_WeatherApp.framework in Frameworks */ = {isa = PBXBuildFile; fileRef = 397930713F9E728A9865D2E5 /* Pods_WeatherApp.framework */; };
/* End PBXBuildFile section */

/* Begin PBXFileReference section */
		09B100A46EECAF09CA4E9CEC /* Pods-WeatherApp.debug.xcconfig */ = {isa = PBXFileReference; includeInIndex = 1; lastKnownFileType = text.xcconfig; name = "Pods-WeatherApp.debug.xcconfig"; path = "Target Support Files/Pods-WeatherApp/Pods-WeatherApp.debug.xcconfig"; sourceTree = "<group>"; };
		397930713F9E728A9865D2E5 /* Pods_WeatherApp.framework */ = {isa = PBXFileReference; explicitFileType = wrapper.framework; includeInIndex = 0; path = Pods_WeatherApp.framework; sourceTree = BUILT_PRODUCTS_DIR; };
		94A65AA32B3B02A00001DBC5 /* WeatherViewModel.swift */ = {isa = PBXFileReference; lastKnownFileType = sourcecode.swift; path = WeatherViewModel.swift; sourceTree = "<group>"; };
		94A65AA52B3B02E30001DBC5 /* NetworkService.swift */ = {isa = PBXFileReference; lastKnownFileType = sourcecode.swift; path = NetworkService.swift; sourceTree = "<group>"; };
		94A65AA72B3BE4250001DBC5 /* LocationService.swift */ = {isa = PBXFileReference; lastKnownFileType = sourcecode.swift; path = LocationService.swift; sourceTree = "<group>"; };
		94A65AA92B3C56D20001DBC5 /* Constants.swift */ = {isa = PBXFileReference; lastKnownFileType = sourcecode.swift; path = Constants.swift; sourceTree = "<group>"; };
		94A65AAC2B3C9A710001DBC5 /* WeatherDaylyCell.swift */ = {isa = PBXFileReference; lastKnownFileType = sourcecode.swift; path = WeatherDaylyCell.swift; sourceTree = "<group>"; };
		94A65AAE2B3D4B700001DBC5 /* CurrentWeatherCell.swift */ = {isa = PBXFileReference; lastKnownFileType = sourcecode.swift; path = CurrentWeatherCell.swift; sourceTree = "<group>"; };
		94BAF8182B3DF00100B49566 /* SearchCityViewController.swift */ = {isa = PBXFileReference; lastKnownFileType = sourcecode.swift; path = SearchCityViewController.swift; sourceTree = "<group>"; };
		94BAF81A2B3E939500B49566 /* SearchCityViewModel.swift */ = {isa = PBXFileReference; lastKnownFileType = sourcecode.swift; path = SearchCityViewModel.swift; sourceTree = "<group>"; };
		94BAF81C2B3E982800B49566 /* CoordinatesData.swift */ = {isa = PBXFileReference; lastKnownFileType = sourcecode.swift; path = CoordinatesData.swift; sourceTree = "<group>"; };
		94DDFFB72B3AFC7700D1707C /* WeatherApp.app */ = {isa = PBXFileReference; explicitFileType = wrapper.application; includeInIndex = 0; path = WeatherApp.app; sourceTree = BUILT_PRODUCTS_DIR; };
		94DDFFBA2B3AFC7700D1707C /* AppDelegate.swift */ = {isa = PBXFileReference; lastKnownFileType = sourcecode.swift; path = AppDelegate.swift; sourceTree = "<group>"; };
		94DDFFBC2B3AFC7700D1707C /* SceneDelegate.swift */ = {isa = PBXFileReference; lastKnownFileType = sourcecode.swift; path = SceneDelegate.swift; sourceTree = "<group>"; };
		94DDFFBE2B3AFC7700D1707C /* ViewController.swift */ = {isa = PBXFileReference; lastKnownFileType = sourcecode.swift; path = ViewController.swift; sourceTree = "<group>"; };
		94DDFFC12B3AFC7700D1707C /* Base */ = {isa = PBXFileReference; lastKnownFileType = file.storyboard; name = Base; path = Base.lproj/Main.storyboard; sourceTree = "<group>"; };
		94DDFFC32B3AFC7E00D1707C /* Assets.xcassets */ = {isa = PBXFileReference; lastKnownFileType = folder.assetcatalog; path = Assets.xcassets; sourceTree = "<group>"; };
		94DDFFC62B3AFC7E00D1707C /* Base */ = {isa = PBXFileReference; lastKnownFileType = file.storyboard; name = Base; path = Base.lproj/LaunchScreen.storyboard; sourceTree = "<group>"; };
		94DDFFC82B3AFC7E00D1707C /* Info.plist */ = {isa = PBXFileReference; lastKnownFileType = text.plist.xml; path = Info.plist; sourceTree = "<group>"; };
		94DDFFCE2B3AFF6100D1707C /* WeatherViewController.swift */ = {isa = PBXFileReference; lastKnownFileType = sourcecode.swift; path = WeatherViewController.swift; sourceTree = "<group>"; };
		94DDFFD02B3AFFA600D1707C /* WeatherData.swift */ = {isa = PBXFileReference; lastKnownFileType = sourcecode.swift; path = WeatherData.swift; sourceTree = "<group>"; };
		C367C180DE7A79EEF334444D /* Pods-WeatherApp.release.xcconfig */ = {isa = PBXFileReference; includeInIndex = 1; lastKnownFileType = text.xcconfig; name = "Pods-WeatherApp.release.xcconfig"; path = "Target Support Files/Pods-WeatherApp/Pods-WeatherApp.release.xcconfig"; sourceTree = "<group>"; };
/* End PBXFileReference section */

/* Begin PBXFrameworksBuildPhase section */
		94DDFFB42B3AFC7700D1707C /* Frameworks */ = {
			isa = PBXFrameworksBuildPhase;
			buildActionMask = 2147483647;
			files = (
				D0836576A9E98BCFCCB2DFFF /* Pods_WeatherApp.framework in Frameworks */,
			);
			runOnlyForDeploymentPostprocessing = 0;
		};
/* End PBXFrameworksBuildPhase section */

/* Begin PBXGroup section */
		94A65AA22B3B02900001DBC5 /* ViewModel */ = {
			isa = PBXGroup;
			children = (
				94A65AA32B3B02A00001DBC5 /* WeatherViewModel.swift */,
				94BAF81A2B3E939500B49566 /* SearchCityViewModel.swift */,
			);
			path = ViewModel;
			sourceTree = "<group>";
		};
		94A65AAB2B3C9A510001DBC5 /* Cell */ = {
			isa = PBXGroup;
			children = (
				94A65AAC2B3C9A710001DBC5 /* WeatherDaylyCell.swift */,
				94A65AAE2B3D4B700001DBC5 /* CurrentWeatherCell.swift */,
			);
			path = Cell;
			sourceTree = "<group>";
		};
		94BAF8162B3DEFA100B49566 /* ViewController */ = {
			isa = PBXGroup;
			children = (
				94DDFFCE2B3AFF6100D1707C /* WeatherViewController.swift */,
				94BAF8182B3DF00100B49566 /* SearchCityViewController.swift */,
			);
			path = ViewController;
			sourceTree = "<group>";
		};
		94BAF8172B3DEFB100B49566 /* Service */ = {
			isa = PBXGroup;
			children = (
				94A65AA52B3B02E30001DBC5 /* NetworkService.swift */,
				94A65AA72B3BE4250001DBC5 /* LocationService.swift */,
			);
			path = Service;
			sourceTree = "<group>";
		};
		94BAF81E2B3EAAD000B49566 /* Data */ = {
			isa = PBXGroup;
			children = (
				94DDFFD02B3AFFA600D1707C /* WeatherData.swift */,
				94BAF81C2B3E982800B49566 /* CoordinatesData.swift */,
			);
			path = Data;
			sourceTree = "<group>";
		};
		94DDFFAE2B3AFC7700D1707C = {
			isa = PBXGroup;
			children = (
				94DDFFB92B3AFC7700D1707C /* WeatherApp */,
				94DDFFB82B3AFC7700D1707C /* Products */,
				B7E93BBCBE4EC4B244CD6FB1 /* Pods */,
				E6DB346CF9981F3BD7CA1C0C /* Frameworks */,
			);
			sourceTree = "<group>";
		};
		94DDFFB82B3AFC7700D1707C /* Products */ = {
			isa = PBXGroup;
			children = (
				94DDFFB72B3AFC7700D1707C /* WeatherApp.app */,
			);
			name = Products;
			sourceTree = "<group>";
		};
		94DDFFB92B3AFC7700D1707C /* WeatherApp */ = {
			isa = PBXGroup;
			children = (
				94BAF81E2B3EAAD000B49566 /* Data */,
				94BAF8172B3DEFB100B49566 /* Service */,
				94BAF8162B3DEFA100B49566 /* ViewController */,
				94A65AAB2B3C9A510001DBC5 /* Cell */,
				94A65AA22B3B02900001DBC5 /* ViewModel */,
				94DDFFBA2B3AFC7700D1707C /* AppDelegate.swift */,
				94DDFFBC2B3AFC7700D1707C /* SceneDelegate.swift */,
				94DDFFBE2B3AFC7700D1707C /* ViewController.swift */,
				94DDFFC02B3AFC7700D1707C /* Main.storyboard */,
				94DDFFC32B3AFC7E00D1707C /* Assets.xcassets */,
				94DDFFC52B3AFC7E00D1707C /* LaunchScreen.storyboard */,
				94DDFFC82B3AFC7E00D1707C /* Info.plist */,
				94A65AA92B3C56D20001DBC5 /* Constants.swift */,
			);
			path = WeatherApp;
			sourceTree = "<group>";
		};
		B7E93BBCBE4EC4B244CD6FB1 /* Pods */ = {
			isa = PBXGroup;
			children = (
				09B100A46EECAF09CA4E9CEC /* Pods-WeatherApp.debug.xcconfig */,
				C367C180DE7A79EEF334444D /* Pods-WeatherApp.release.xcconfig */,
			);
			path = Pods;
			sourceTree = "<group>";
		};
		E6DB346CF9981F3BD7CA1C0C /* Frameworks */ = {
			isa = PBXGroup;
			children = (
				397930713F9E728A9865D2E5 /* Pods_WeatherApp.framework */,
			);
			name = Frameworks;
			sourceTree = "<group>";
		};
/* End PBXGroup section */

/* Begin PBXNativeTarget section */
		94DDFFB62B3AFC7700D1707C /* WeatherApp */ = {
			isa = PBXNativeTarget;
			buildConfigurationList = 94DDFFCB2B3AFC7E00D1707C /* Build configuration list for PBXNativeTarget "WeatherApp" */;
			buildPhases = (
				8BBE1886280F833AFC22AFAC /* [CP] Check Pods Manifest.lock */,
				94DDFFB32B3AFC7700D1707C /* Sources */,
				94DDFFB42B3AFC7700D1707C /* Frameworks */,
				94DDFFB52B3AFC7700D1707C /* Resources */,
				E7A26D751F1E7AE4DB1E70FD /* [CP] Embed Pods Frameworks */,
			);
			buildRules = (
			);
			dependencies = (
			);
			name = WeatherApp;
			productName = WeatherApp;
			productReference = 94DDFFB72B3AFC7700D1707C /* WeatherApp.app */;
			productType = "com.apple.product-type.application";
		};
/* End PBXNativeTarget section */

/* Begin PBXProject section */
		94DDFFAF2B3AFC7700D1707C /* Project object */ = {
			isa = PBXProject;
			attributes = {
				BuildIndependentTargetsInParallel = 1;
				LastSwiftUpdateCheck = 1320;
				LastUpgradeCheck = 1320;
				TargetAttributes = {
					94DDFFB62B3AFC7700D1707C = {
						CreatedOnToolsVersion = 13.2.1;
					};
				};
			};
			buildConfigurationList = 94DDFFB22B3AFC7700D1707C /* Build configuration list for PBXProject "WeatherApp" */;
			compatibilityVersion = "Xcode 13.0";
			developmentRegion = en;
			hasScannedForEncodings = 0;
			knownRegions = (
				en,
				Base,
			);
			mainGroup = 94DDFFAE2B3AFC7700D1707C;
			productRefGroup = 94DDFFB82B3AFC7700D1707C /* Products */;
			projectDirPath = "";
			projectRoot = "";
			targets = (
				94DDFFB62B3AFC7700D1707C /* WeatherApp */,
			);
		};
/* End PBXProject section */

/* Begin PBXResourcesBuildPhase section */
		94DDFFB52B3AFC7700D1707C /* Resources */ = {
			isa = PBXResourcesBuildPhase;
			buildActionMask = 2147483647;
			files = (
				94DDFFC72B3AFC7E00D1707C /* LaunchScreen.storyboard in Resources */,
				94DDFFC42B3AFC7E00D1707C /* Assets.xcassets in Resources */,
				94DDFFC22B3AFC7700D1707C /* Main.storyboard in Resources */,
			);
			runOnlyForDeploymentPostprocessing = 0;
		};
/* End PBXResourcesBuildPhase section */

/* Begin PBXShellScriptBuildPhase section */
		8BBE1886280F833AFC22AFAC /* [CP] Check Pods Manifest.lock */ = {
			isa = PBXShellScriptBuildPhase;
			buildActionMask = 2147483647;
			files = (
			);
			inputFileListPaths = (
			);
			inputPaths = (
				"${PODS_PODFILE_DIR_PATH}/Podfile.lock",
				"${PODS_ROOT}/Manifest.lock",
			);
			name = "[CP] Check Pods Manifest.lock";
			outputFileListPaths = (
			);
			outputPaths = (
				"$(DERIVED_FILE_DIR)/Pods-WeatherApp-checkManifestLockResult.txt",
			);
			runOnlyForDeploymentPostprocessing = 0;
			shellPath = /bin/sh;
			shellScript = "diff \"${PODS_PODFILE_DIR_PATH}/Podfile.lock\" \"${PODS_ROOT}/Manifest.lock\" > /dev/null\nif [ $? != 0 ] ; then\n    # print error to STDERR\n    echo \"error: The sandbox is not in sync with the Podfile.lock. Run 'pod install' or update your CocoaPods installation.\" >&2\n    exit 1\nfi\n# This output is used by Xcode 'outputs' to avoid re-running this script phase.\necho \"SUCCESS\" > \"${SCRIPT_OUTPUT_FILE_0}\"\n";
			showEnvVarsInLog = 0;
		};
		E7A26D751F1E7AE4DB1E70FD /* [CP] Embed Pods Frameworks */ = {
			isa = PBXShellScriptBuildPhase;
			buildActionMask = 2147483647;
			files = (
			);
			inputFileListPaths = (
				"${PODS_ROOT}/Target Support Files/Pods-WeatherApp/Pods-WeatherApp-frameworks-${CONFIGURATION}-input-files.xcfilelist",
			);
			name = "[CP] Embed Pods Frameworks";
			outputFileListPaths = (
				"${PODS_ROOT}/Target Support Files/Pods-WeatherApp/Pods-WeatherApp-frameworks-${CONFIGURATION}-output-files.xcfilelist",
			);
			runOnlyForDeploymentPostprocessing = 0;
			shellPath = /bin/sh;
			shellScript = "\"${PODS_ROOT}/Target Support Files/Pods-WeatherApp/Pods-WeatherApp-frameworks.sh\"\n";
			showEnvVarsInLog = 0;
		};
/* End PBXShellScriptBuildPhase section */

/* Begin PBXSourcesBuildPhase section */
		94DDFFB32B3AFC7700D1707C /* Sources */ = {
			isa = PBXSourcesBuildPhase;
			buildActionMask = 2147483647;
			files = (
				94DDFFBF2B3AFC7700D1707C /* ViewController.swift in Sources */,
				94A65AA42B3B02A10001DBC5 /* WeatherViewModel.swift in Sources */,
				94A65AAF2B3D4B710001DBC5 /* CurrentWeatherCell.swift in Sources */,
				94BAF81D2B3E982800B49566 /* CoordinatesData.swift in Sources */,
				94BAF81B2B3E939500B49566 /* SearchCityViewModel.swift in Sources */,
				94A65AAD2B3C9A720001DBC5 /* WeatherDaylyCell.swift in Sources */,
				94A65AA82B3BE4260001DBC5 /* LocationService.swift in Sources */,
				94DDFFD12B3AFFA600D1707C /* WeatherData.swift in Sources */,
				94BAF8192B3DF00100B49566 /* SearchCityViewController.swift in Sources */,
				94DDFFCF2B3AFF6100D1707C /* WeatherViewController.swift in Sources */,
				94DDFFBB2B3AFC7700D1707C /* AppDelegate.swift in Sources */,
				94DDFFBD2B3AFC7700D1707C /* SceneDelegate.swift in Sources */,
				94A65AA62B3B02E30001DBC5 /* NetworkService.swift in Sources */,
				94A65AAA2B3C56D30001DBC5 /* Constants.swift in Sources */,
			);
			runOnlyForDeploymentPostprocessing = 0;
		};
/* End PBXSourcesBuildPhase section */

/* Begin PBXVariantGroup section */
		94DDFFC02B3AFC7700D1707C /* Main.storyboard */ = {
			isa = PBXVariantGroup;
			children = (
				94DDFFC12B3AFC7700D1707C /* Base */,
			);
			name = Main.storyboard;
			sourceTree = "<group>";
		};
		94DDFFC52B3AFC7E00D1707C /* LaunchScreen.storyboard */ = {
			isa = PBXVariantGroup;
			children = (
				94DDFFC62B3AFC7E00D1707C /* Base */,
			);
			name = LaunchScreen.storyboard;
			sourceTree = "<group>";
		};
/* End PBXVariantGroup section */

/* Begin XCBuildConfiguration section */
		94DDFFC92B3AFC7E00D1707C /* Debug */ = {
			isa = XCBuildConfiguration;
			buildSettings = {
				ALWAYS_SEARCH_USER_PATHS = NO;
				CLANG_ANALYZER_NONNULL = YES;
				CLANG_ANALYZER_NUMBER_OBJECT_CONVERSION = YES_AGGRESSIVE;
				CLANG_CXX_LANGUAGE_STANDARD = "gnu++17";
				CLANG_CXX_LIBRARY = "libc++";
				CLANG_ENABLE_MODULES = YES;
				CLANG_ENABLE_OBJC_ARC = YES;
				CLANG_ENABLE_OBJC_WEAK = YES;
				CLANG_WARN_BLOCK_CAPTURE_AUTORELEASING = YES;
				CLANG_WARN_BOOL_CONVERSION = YES;
				CLANG_WARN_COMMA = YES;
				CLANG_WARN_CONSTANT_CONVERSION = YES;
				CLANG_WARN_DEPRECATED_OBJC_IMPLEMENTATIONS = YES;
				CLANG_WARN_DIRECT_OBJC_ISA_USAGE = YES_ERROR;
				CLANG_WARN_DOCUMENTATION_COMMENTS = YES;
				CLANG_WARN_EMPTY_BODY = YES;
				CLANG_WARN_ENUM_CONVERSION = YES;
				CLANG_WARN_INFINITE_RECURSION = YES;
				CLANG_WARN_INT_CONVERSION = YES;
				CLANG_WARN_NON_LITERAL_NULL_CONVERSION = YES;
				CLANG_WARN_OBJC_IMPLICIT_RETAIN_SELF = YES;
				CLANG_WARN_OBJC_LITERAL_CONVERSION = YES;
				CLANG_WARN_OBJC_ROOT_CLASS = YES_ERROR;
				CLANG_WARN_QUOTED_INCLUDE_IN_FRAMEWORK_HEADER = YES;
				CLANG_WARN_RANGE_LOOP_ANALYSIS = YES;
				CLANG_WARN_STRICT_PROTOTYPES = YES;
				CLANG_WARN_SUSPICIOUS_MOVE = YES;
				CLANG_WARN_UNGUARDED_AVAILABILITY = YES_AGGRESSIVE;
				CLANG_WARN_UNREACHABLE_CODE = YES;
				CLANG_WARN__DUPLICATE_METHOD_MATCH = YES;
				COPY_PHASE_STRIP = NO;
				DEBUG_INFORMATION_FORMAT = dwarf;
				ENABLE_STRICT_OBJC_MSGSEND = YES;
				ENABLE_TESTABILITY = YES;
				GCC_C_LANGUAGE_STANDARD = gnu11;
				GCC_DYNAMIC_NO_PIC = NO;
				GCC_NO_COMMON_BLOCKS = YES;
				GCC_OPTIMIZATION_LEVEL = 0;
				GCC_PREPROCESSOR_DEFINITIONS = (
					"DEBUG=1",
					"$(inherited)",
				);
				GCC_WARN_64_TO_32_BIT_CONVERSION = YES;
				GCC_WARN_ABOUT_RETURN_TYPE = YES_ERROR;
				GCC_WARN_UNDECLARED_SELECTOR = YES;
				GCC_WARN_UNINITIALIZED_AUTOS = YES_AGGRESSIVE;
				GCC_WARN_UNUSED_FUNCTION = YES;
				GCC_WARN_UNUSED_VARIABLE = YES;
				IPHONEOS_DEPLOYMENT_TARGET = 15.2;
				MTL_ENABLE_DEBUG_INFO = INCLUDE_SOURCE;
				MTL_FAST_MATH = YES;
				ONLY_ACTIVE_ARCH = YES;
				SDKROOT = iphoneos;
				SWIFT_ACTIVE_COMPILATION_CONDITIONS = DEBUG;
				SWIFT_OPTIMIZATION_LEVEL = "-Onone";
			};
			name = Debug;
		};
		94DDFFCA2B3AFC7E00D1707C /* Release */ = {
			isa = XCBuildConfiguration;
			buildSettings = {
				ALWAYS_SEARCH_USER_PATHS = NO;
				CLANG_ANALYZER_NONNULL = YES;
				CLANG_ANALYZER_NUMBER_OBJECT_CONVERSION = YES_AGGRESSIVE;
				CLANG_CXX_LANGUAGE_STANDARD = "gnu++17";
				CLANG_CXX_LIBRARY = "libc++";
				CLANG_ENABLE_MODULES = YES;
				CLANG_ENABLE_OBJC_ARC = YES;
				CLANG_ENABLE_OBJC_WEAK = YES;
				CLANG_WARN_BLOCK_CAPTURE_AUTORELEASING = YES;
				CLANG_WARN_BOOL_CONVERSION = YES;
				CLANG_WARN_COMMA = YES;
				CLANG_WARN_CONSTANT_CONVERSION = YES;
				CLANG_WARN_DEPRECATED_OBJC_IMPLEMENTATIONS = YES;
				CLANG_WARN_DIRECT_OBJC_ISA_USAGE = YES_ERROR;
				CLANG_WARN_DOCUMENTATION_COMMENTS = YES;
				CLANG_WARN_EMPTY_BODY = YES;
				CLANG_WARN_ENUM_CONVERSION = YES;
				CLANG_WARN_INFINITE_RECURSION = YES;
				CLANG_WARN_INT_CONVERSION = YES;
				CLANG_WARN_NON_LITERAL_NULL_CONVERSION = YES;
				CLANG_WARN_OBJC_IMPLICIT_RETAIN_SELF = YES;
				CLANG_WARN_OBJC_LITERAL_CONVERSION = YES;
				CLANG_WARN_OBJC_ROOT_CLASS = YES_ERROR;
				CLANG_WARN_QUOTED_INCLUDE_IN_FRAMEWORK_HEADER = YES;
				CLANG_WARN_RANGE_LOOP_ANALYSIS = YES;
				CLANG_WARN_STRICT_PROTOTYPES = YES;
				CLANG_WARN_SUSPICIOUS_MOVE = YES;
				CLANG_WARN_UNGUARDED_AVAILABILITY = YES_AGGRESSIVE;
				CLANG_WARN_UNREACHABLE_CODE = YES;
				CLANG_WARN__DUPLICATE_METHOD_MATCH = YES;
				COPY_PHASE_STRIP = NO;
				DEBUG_INFORMATION_FORMAT = "dwarf-with-dsym";
				ENABLE_NS_ASSERTIONS = NO;
				ENABLE_STRICT_OBJC_MSGSEND = YES;
				GCC_C_LANGUAGE_STANDARD = gnu11;
				GCC_NO_COMMON_BLOCKS = YES;
				GCC_WARN_64_TO_32_BIT_CONVERSION = YES;
				GCC_WARN_ABOUT_RETURN_TYPE = YES_ERROR;
				GCC_WARN_UNDECLARED_SELECTOR = YES;
				GCC_WARN_UNINITIALIZED_AUTOS = YES_AGGRESSIVE;
				GCC_WARN_UNUSED_FUNCTION = YES;
				GCC_WARN_UNUSED_VARIABLE = YES;
				IPHONEOS_DEPLOYMENT_TARGET = 15.2;
				MTL_ENABLE_DEBUG_INFO = NO;
				MTL_FAST_MATH = YES;
				SDKROOT = iphoneos;
				SWIFT_COMPILATION_MODE = wholemodule;
				SWIFT_OPTIMIZATION_LEVEL = "-O";
				VALIDATE_PRODUCT = YES;
			};
			name = Release;
		};
		94DDFFCC2B3AFC7E00D1707C /* Debug */ = {
			isa = XCBuildConfiguration;
			baseConfigurationReference = 09B100A46EECAF09CA4E9CEC /* Pods-WeatherApp.debug.xcconfig */;
			buildSettings = {
				ASSETCATALOG_COMPILER_APPICON_NAME = AppIcon;
				ASSETCATALOG_COMPILER_GLOBAL_ACCENT_COLOR_NAME = AccentColor;
				CODE_SIGN_STYLE = Automatic;
				CURRENT_PROJECT_VERSION = 1;
				GENERATE_INFOPLIST_FILE = YES;
				INFOPLIST_FILE = WeatherApp/Info.plist;
				INFOPLIST_KEY_UIApplicationSupportsIndirectInputEvents = YES;
				INFOPLIST_KEY_UILaunchStoryboardName = LaunchScreen;
				INFOPLIST_KEY_UIMainStoryboardFile = Main;
				INFOPLIST_KEY_UISupportedInterfaceOrientations_iPad = "UIInterfaceOrientationPortrait UIInterfaceOrientationPortraitUpsideDown UIInterfaceOrientationLandscapeLeft UIInterfaceOrientationLandscapeRight";
				INFOPLIST_KEY_UISupportedInterfaceOrientations_iPhone = "UIInterfaceOrientationPortrait UIInterfaceOrientationLandscapeLeft UIInterfaceOrientationLandscapeRight";
				LD_RUNPATH_SEARCH_PATHS = (
					"$(inherited)",
					"@executable_path/Frameworks",
				);
				MARKETING_VERSION = 1.0;
				PRODUCT_BUNDLE_IDENTIFIER = "olga-osipova.WeatherApp";
				PRODUCT_NAME = "$(TARGET_NAME)";
				SWIFT_EMIT_LOC_STRINGS = YES;
				SWIFT_VERSION = 5.0;
				TARGETED_DEVICE_FAMILY = "1,2";
			};
			name = Debug;
		};
		94DDFFCD2B3AFC7E00D1707C /* Release */ = {
			isa = XCBuildConfiguration;
			baseConfigurationReference = C367C180DE7A79EEF334444D /* Pods-WeatherApp.release.xcconfig */;
			buildSettings = {
				ASSETCATALOG_COMPILER_APPICON_NAME = AppIcon;
				ASSETCATALOG_COMPILER_GLOBAL_ACCENT_COLOR_NAME = AccentColor;
				CODE_SIGN_STYLE = Automatic;
				CURRENT_PROJECT_VERSION = 1;
				GENERATE_INFOPLIST_FILE = YES;
				INFOPLIST_FILE = WeatherApp/Info.plist;
				INFOPLIST_KEY_UIApplicationSupportsIndirectInputEvents = YES;
				INFOPLIST_KEY_UILaunchStoryboardName = LaunchScreen;
				INFOPLIST_KEY_UIMainStoryboardFile = Main;
				INFOPLIST_KEY_UISupportedInterfaceOrientations_iPad = "UIInterfaceOrientationPortrait UIInterfaceOrientationPortraitUpsideDown UIInterfaceOrientationLandscapeLeft UIInterfaceOrientationLandscapeRight";
				INFOPLIST_KEY_UISupportedInterfaceOrientations_iPhone = "UIInterfaceOrientationPortrait UIInterfaceOrientationLandscapeLeft UIInterfaceOrientationLandscapeRight";
				LD_RUNPATH_SEARCH_PATHS = (
					"$(inherited)",
					"@executable_path/Frameworks",
				);
				MARKETING_VERSION = 1.0;
				PRODUCT_BUNDLE_IDENTIFIER = "olga-osipova.WeatherApp";
				PRODUCT_NAME = "$(TARGET_NAME)";
				SWIFT_EMIT_LOC_STRINGS = YES;
				SWIFT_VERSION = 5.0;
				TARGETED_DEVICE_FAMILY = "1,2";
			};
			name = Release;
		};
/* End XCBuildConfiguration section */

/* Begin XCConfigurationList section */
		94DDFFB22B3AFC7700D1707C /* Build configuration list for PBXProject "WeatherApp" */ = {
			isa = XCConfigurationList;
			buildConfigurations = (
				94DDFFC92B3AFC7E00D1707C /* Debug */,
				94DDFFCA2B3AFC7E00D1707C /* Release */,
			);
			defaultConfigurationIsVisible = 0;
			defaultConfigurationName = Release;
		};
		94DDFFCB2B3AFC7E00D1707C /* Build configuration list for PBXNativeTarget "WeatherApp" */ = {
			isa = XCConfigurationList;
			buildConfigurations = (
				94DDFFCC2B3AFC7E00D1707C /* Debug */,
				94DDFFCD2B3AFC7E00D1707C /* Release */,
			);
			defaultConfigurationIsVisible = 0;
			defaultConfigurationName = Release;
		};
/* End XCConfigurationList section */
	};
	rootObject = 94DDFFAF2B3AFC7700D1707C /* Project object */;
}
